
Microsoft Visual Studio Solution File, Format Version 12.00
# Visual Studio 15
VisualStudioVersion = 15.0.28010.2003
MinimumVisualStudioVersion = 10.0.40219.1
Project("{FAE04EC0-301F-11D3-BF4B-00C04F79EFBC}") = "ALGData", "ALGDataStructure\ALGData.csproj", "{20EC4248-AFDB-4DBA-80A4-1D1B31DB37D5}"
EndProject
Project("{FAE04EC0-301F-11D3-BF4B-00C04F79EFBC}") = "ArrayDataStructure", "ArrayDataStructure\ArrayDataStructure.csproj", "{C4C8DD86-7BFD-42E6-A9E7-E4D9C7800F78}"
EndProject
Project("{FAE04EC0-301F-11D3-BF4B-00C04F79EFBC}") = "StackDataStructure", "StackDataStructure\StackDataStructure.csproj", "{F6C12373-B55F-451C-B0F5-4375E080B51A}"
EndProject
Global
	GlobalSection(SolutionConfigurationPlatforms) = preSolution
		Debug|Any CPU = Debug|Any CPU
		Release|Any CPU = Release|Any CPU
	EndGlobalSection
	GlobalSection(ProjectConfigurationPlatforms) = postSolution
		{20EC4248-AFDB-4DBA-80A4-1D1B31DB37D5}.Debug|Any CPU.ActiveCfg = Debug|Any CPU
		{20EC4248-AFDB-4DBA-80A4-1D1B31DB37D5}.Debug|Any CPU.Build.0 = Debug|Any CPU
		{20EC4248-AFDB-4DBA-80A4-1D1B31DB37D5}.Release|Any CPU.ActiveCfg = Release|Any CPU
		{20EC4248-AFDB-4DBA-80A4-1D1B31DB37D5}.Release|Any CPU.Build.0 = Release|Any CPU
		{C4C8DD86-7BFD-42E6-A9E7-E4D9C7800F78}.Debug|Any CPU.ActiveCfg = Debug|Any CPU
		{C4C8DD86-7BFD-42E6-A9E7-E4D9C7800F78}.Debug|Any CPU.Build.0 = Debug|Any CPU
		{C4C8DD86-7BFD-42E6-A9E7-E4D9C7800F78}.Release|Any CPU.ActiveCfg = Release|Any CPU
		{C4C8DD86-7BFD-42E6-A9E7-E4D9C7800F78}.Release|Any CPU.Build.0 = Release|Any CPU
		{F6C12373-B55F-451C-B0F5-4375E080B51A}.Debug|Any CPU.ActiveCfg = Debug|Any CPU
		{F6C12373-B55F-451C-B0F5-4375E080B51A}.Debug|Any CPU.Build.0 = Debug|Any CPU
		{F6C12373-B55F-451C-B0F5-4375E080B51A}.Release|Any CPU.ActiveCfg = Release|Any CPU
		{F6C12373-B55F-451C-B0F5-4375E080B51A}.Release|Any CPU.Build.0 = Release|Any CPU
	EndGlobalSection
	GlobalSection(SolutionProperties) = preSolution
		HideSolutionNode = FALSE
	EndGlobalSection
	GlobalSection(ExtensibilityGlobals) = postSolution
		SolutionGuid = {14BE08B3-340D-4B42-BE1D-EFD549BA4D89}
	EndGlobalSection
EndGlobal
